
Microsoft Visual Studio Solution File, Format Version 12.00
# Visual Studio Version 18
VisualStudioVersion = 18.1.11312.151 d18.0
MinimumVisualStudioVersion = 10.0.40219.1
Project("{FAE04EC0-301F-11D3-BF4B-00C04F79EFBC}") = "ReservationService", "ReservationService.csproj", "{868B8D0B-472B-EA88-4048-FA8359CEAD1E}"
EndProject
Global
	GlobalSection(SolutionConfigurationPlatforms) = preSolution
		Debug|Any CPU = Debug|Any CPU
		Release|Any CPU = Release|Any CPU
	EndGlobalSection
	GlobalSection(ProjectConfigurationPlatforms) = postSolution
		{868B8D0B-472B-EA88-4048-FA8359CEAD1E}.Debug|Any CPU.ActiveCfg = Debug|Any CPU
		{868B8D0B-472B-EA88-4048-FA8359CEAD1E}.Debug|Any CPU.Build.0 = Debug|Any CPU
		{868B8D0B-472B-EA88-4048-FA8359CEAD1E}.Release|Any CPU.ActiveCfg = Release|Any CPU
		{868B8D0B-472B-EA88-4048-FA8359CEAD1E}.Release|Any CPU.Build.0 = Release|Any CPU
	EndGlobalSection
	GlobalSection(SolutionProperties) = preSolution
		HideSolutionNode = FALSE
	EndGlobalSection
	GlobalSection(ExtensibilityGlobals) = postSolution
		SolutionGuid = {D87A1A29-E29B-4E50-88DE-DC497B45D02C}
	EndGlobalSection
EndGlobal
